
Microsoft Visual Studio Solution File, Format Version 12.00
# Visual Studio Version 16
VisualStudioVersion = 16.0.28922.388
MinimumVisualStudioVersion = 10.0.40219.1
Project("{9A19103F-16F7-4668-BE54-9A1E7A4F7556}") = "DotNetCore.FeatureFlags", "DotNetCore.FeatureFlags.csproj", "{FF549D6A-FC45-4CDF-A191-69304B25D463}"
EndProject
Project("{2150E333-8FDC-42A3-9474-1A3956D46DE8}") = "Sample", "Sample", "{0E226E19-6000-43C0-B46C-0A722593ACFF}"
EndProject
Project("{9A19103F-16F7-4668-BE54-9A1E7A4F7556}") = "MyToggles", "..\Sample\MyToggles\MyToggles.csproj", "{B2F920E4-0BB8-4B1A-8D0C-0EFBBE8DB63F}"
EndProject
Project("{9A19103F-16F7-4668-BE54-9A1E7A4F7556}") = "ConsoleToggleApp", "..\Sample\ConsoleToggleApp\ConsoleToggleApp.csproj", "{BF6D7258-C5DA-4A6F-B25D-C81B9EEF420C}"
EndProject
Global
	GlobalSection(SolutionConfigurationPlatforms) = preSolution
		Debug|Any CPU = Debug|Any CPU
		Release|Any CPU = Release|Any CPU
	EndGlobalSection
	GlobalSection(ProjectConfigurationPlatforms) = postSolution
		{FF549D6A-FC45-4CDF-A191-69304B25D463}.Debug|Any CPU.ActiveCfg = Debug|Any CPU
		{FF549D6A-FC45-4CDF-A191-69304B25D463}.Debug|Any CPU.Build.0 = Debug|Any CPU
		{FF549D6A-FC45-4CDF-A191-69304B25D463}.Release|Any CPU.ActiveCfg = Release|Any CPU
		{FF549D6A-FC45-4CDF-A191-69304B25D463}.Release|Any CPU.Build.0 = Release|Any CPU
		{B2F920E4-0BB8-4B1A-8D0C-0EFBBE8DB63F}.Debug|Any CPU.ActiveCfg = Debug|Any CPU
		{B2F920E4-0BB8-4B1A-8D0C-0EFBBE8DB63F}.Debug|Any CPU.Build.0 = Debug|Any CPU
		{B2F920E4-0BB8-4B1A-8D0C-0EFBBE8DB63F}.Release|Any CPU.ActiveCfg = Release|Any CPU
		{B2F920E4-0BB8-4B1A-8D0C-0EFBBE8DB63F}.Release|Any CPU.Build.0 = Release|Any CPU
		{BF6D7258-C5DA-4A6F-B25D-C81B9EEF420C}.Debug|Any CPU.ActiveCfg = Debug|Any CPU
		{BF6D7258-C5DA-4A6F-B25D-C81B9EEF420C}.Debug|Any CPU.Build.0 = Debug|Any CPU
		{BF6D7258-C5DA-4A6F-B25D-C81B9EEF420C}.Release|Any CPU.ActiveCfg = Release|Any CPU
		{BF6D7258-C5DA-4A6F-B25D-C81B9EEF420C}.Release|Any CPU.Build.0 = Release|Any CPU
	EndGlobalSection
	GlobalSection(SolutionProperties) = preSolution
		HideSolutionNode = FALSE
	EndGlobalSection
	GlobalSection(NestedProjects) = preSolution
		{B2F920E4-0BB8-4B1A-8D0C-0EFBBE8DB63F} = {0E226E19-6000-43C0-B46C-0A722593ACFF}
		{BF6D7258-C5DA-4A6F-B25D-C81B9EEF420C} = {0E226E19-6000-43C0-B46C-0A722593ACFF}
	EndGlobalSection
	GlobalSection(ExtensibilityGlobals) = postSolution
		SolutionGuid = {C33B6D16-76B0-47D4-8B80-BA1DBCD98F23}
	EndGlobalSection
EndGlobal
